
Microsoft Visual Studio Solution File, Format Version 12.00
# Visual Studio Version 16
VisualStudioVersion = 16.0.29806.167
MinimumVisualStudioVersion = 10.0.40219.1
Project("{FAE04EC0-301F-11D3-BF4B-00C04F79EFBC}") = "SymbolT80ScannerTest.Android", "SymbolT80ScannerTest.Android\SymbolT80ScannerTest.Android.csproj", "{4640E764-4996-4079-BF2E-3D024AC7603F}"
EndProject
Project("{FAE04EC0-301F-11D3-BF4B-00C04F79EFBC}") = "SymbolT80ScannerTest.iOS", "SymbolT80ScannerTest.iOS\SymbolT80ScannerTest.iOS.csproj", "{76A2835D-3BC9-4B48-9FDC-7D9763811677}"
EndProject
Project("{FAE04EC0-301F-11D3-BF4B-00C04F79EFBC}") = "SymbolT80ScannerTest", "SymbolT80ScannerTest\SymbolT80ScannerTest.csproj", "{42C3830A-F5A9-46AE-880F-B8976002355E}"
EndProject
Global
	GlobalSection(SolutionConfigurationPlatforms) = preSolution
		Debug|Any CPU = Debug|Any CPU
		Debug|iPhone = Debug|iPhone
		Debug|iPhoneSimulator = Debug|iPhoneSimulator
		Release|Any CPU = Release|Any CPU
		Release|iPhone = Release|iPhone
		Release|iPhoneSimulator = Release|iPhoneSimulator
	EndGlobalSection
	GlobalSection(ProjectConfigurationPlatforms) = postSolution
		{4640E764-4996-4079-BF2E-3D024AC7603F}.Debug|Any CPU.ActiveCfg = Debug|Any CPU
		{4640E764-4996-4079-BF2E-3D024AC7603F}.Debug|Any CPU.Build.0 = Debug|Any CPU
		{4640E764-4996-4079-BF2E-3D024AC7603F}.Debug|Any CPU.Deploy.0 = Debug|Any CPU
		{4640E764-4996-4079-BF2E-3D024AC7603F}.Debug|iPhone.ActiveCfg = Debug|Any CPU
		{4640E764-4996-4079-BF2E-3D024AC7603F}.Debug|iPhone.Build.0 = Debug|Any CPU
		{4640E764-4996-4079-BF2E-3D024AC7603F}.Debug|iPhone.Deploy.0 = Debug|Any CPU
		{4640E764-4996-4079-BF2E-3D024AC7603F}.Debug|iPhoneSimulator.ActiveCfg = Debug|Any CPU
		{4640E764-4996-4079-BF2E-3D024AC7603F}.Debug|iPhoneSimulator.Build.0 = Debug|Any CPU
		{4640E764-4996-4079-BF2E-3D024AC7603F}.Debug|iPhoneSimulator.Deploy.0 = Debug|Any CPU
		{4640E764-4996-4079-BF2E-3D024AC7603F}.Release|Any CPU.ActiveCfg = Release|Any CPU
		{4640E764-4996-4079-BF2E-3D024AC7603F}.Release|Any CPU.Build.0 = Release|Any CPU
		{4640E764-4996-4079-BF2E-3D024AC7603F}.Release|Any CPU.Deploy.0 = Release|Any CPU
		{4640E764-4996-4079-BF2E-3D024AC7603F}.Release|iPhone.ActiveCfg = Release|Any CPU
		{4640E764-4996-4079-BF2E-3D024AC7603F}.Release|iPhone.Build.0 = Release|Any CPU
		{4640E764-4996-4079-BF2E-3D024AC7603F}.Release|iPhone.Deploy.0 = Release|Any CPU
		{4640E764-4996-4079-BF2E-3D024AC7603F}.Release|iPhoneSimulator.ActiveCfg = Release|Any CPU
		{4640E764-4996-4079-BF2E-3D024AC7603F}.Release|iPhoneSimulator.Build.0 = Release|Any CPU
		{4640E764-4996-4079-BF2E-3D024AC7603F}.Release|iPhoneSimulator.Deploy.0 = Release|Any CPU
		{76A2835D-3BC9-4B48-9FDC-7D9763811677}.Debug|Any CPU.ActiveCfg = Debug|iPhoneSimulator
		{76A2835D-3BC9-4B48-9FDC-7D9763811677}.Debug|Any CPU.Build.0 = Debug|iPhoneSimulator
		{76A2835D-3BC9-4B48-9FDC-7D9763811677}.Debug|Any CPU.Deploy.0 = Debug|iPhoneSimulator
		{76A2835D-3BC9-4B48-9FDC-7D9763811677}.Debug|iPhone.ActiveCfg = Debug|iPhone
		{76A2835D-3BC9-4B48-9FDC-7D9763811677}.Debug|iPhone.Build.0 = Debug|iPhone
		{76A2835D-3BC9-4B48-9FDC-7D9763811677}.Debug|iPhone.Deploy.0 = Debug|iPhone
		{76A2835D-3BC9-4B48-9FDC-7D9763811677}.Debug|iPhoneSimulator.ActiveCfg = Debug|iPhoneSimulator
		{76A2835D-3BC9-4B48-9FDC-7D9763811677}.Debug|iPhoneSimulator.Build.0 = Debug|iPhoneSimulator
		{76A2835D-3BC9-4B48-9FDC-7D9763811677}.Debug|iPhoneSimulator.Deploy.0 = Debug|iPhoneSimulator
		{76A2835D-3BC9-4B48-9FDC-7D9763811677}.Release|Any CPU.ActiveCfg = Release|iPhone
		{76A2835D-3BC9-4B48-9FDC-7D9763811677}.Release|Any CPU.Build.0 = Release|iPhone
		{76A2835D-3BC9-4B48-9FDC-7D9763811677}.Release|Any CPU.Deploy.0 = Release|iPhone
		{76A2835D-3BC9-4B48-9FDC-7D9763811677}.Release|iPhone.ActiveCfg = Release|iPhone
		{76A2835D-3BC9-4B48-9FDC-7D9763811677}.Release|iPhone.Build.0 = Release|iPhone
		{76A2835D-3BC9-4B48-9FDC-7D9763811677}.Release|iPhone.Deploy.0 = Release|iPhone
		{76A2835D-3BC9-4B48-9FDC-7D9763811677}.Release|iPhoneSimulator.ActiveCfg = Release|iPhoneSimulator
		{76A2835D-3BC9-4B48-9FDC-7D9763811677}.Release|iPhoneSimulator.Build.0 = Release|iPhoneSimulator
		{76A2835D-3BC9-4B48-9FDC-7D9763811677}.Release|iPhoneSimulator.Deploy.0 = Release|iPhoneSimulator
		{42C3830A-F5A9-46AE-880F-B8976002355E}.Debug|Any CPU.ActiveCfg = Debug|Any CPU
		{42C3830A-F5A9-46AE-880F-B8976002355E}.Debug|Any CPU.Build.0 = Debug|Any CPU
		{42C3830A-F5A9-46AE-880F-B8976002355E}.Debug|Any CPU.Deploy.0 = Debug|Any CPU
		{42C3830A-F5A9-46AE-880F-B8976002355E}.Debug|iPhone.ActiveCfg = Debug|Any CPU
		{42C3830A-F5A9-46AE-880F-B8976002355E}.Debug|iPhone.Build.0 = Debug|Any CPU
		{42C3830A-F5A9-46AE-880F-B8976002355E}.Debug|iPhone.Deploy.0 = Debug|Any CPU
		{42C3830A-F5A9-46AE-880F-B8976002355E}.Debug|iPhoneSimulator.ActiveCfg = Debug|Any CPU
		{42C3830A-F5A9-46AE-880F-B8976002355E}.Debug|iPhoneSimulator.Build.0 = Debug|Any CPU
		{42C3830A-F5A9-46AE-880F-B8976002355E}.Debug|iPhoneSimulator.Deploy.0 = Debug|Any CPU
		{42C3830A-F5A9-46AE-880F-B8976002355E}.Release|Any CPU.ActiveCfg = Release|Any CPU
		{42C3830A-F5A9-46AE-880F-B8976002355E}.Release|Any CPU.Build.0 = Release|Any CPU
		{42C3830A-F5A9-46AE-880F-B8976002355E}.Release|Any CPU.Deploy.0 = Release|Any CPU
		{42C3830A-F5A9-46AE-880F-B8976002355E}.Release|iPhone.ActiveCfg = Release|Any CPU
		{42C3830A-F5A9-46AE-880F-B8976002355E}.Release|iPhone.Build.0 = Release|Any CPU
		{42C3830A-F5A9-46AE-880F-B8976002355E}.Release|iPhone.Deploy.0 = Release|Any CPU
		{42C3830A-F5A9-46AE-880F-B8976002355E}.Release|iPhoneSimulator.ActiveCfg = Release|Any CPU
		{42C3830A-F5A9-46AE-880F-B8976002355E}.Release|iPhoneSimulator.Build.0 = Release|Any CPU
		{42C3830A-F5A9-46AE-880F-B8976002355E}.Release|iPhoneSimulator.Deploy.0 = Release|Any CPU
	EndGlobalSection
	GlobalSection(SolutionProperties) = preSolution
		HideSolutionNode = FALSE
	EndGlobalSection
	GlobalSection(ExtensibilityGlobals) = postSolution
		SolutionGuid = {05CDDB1F-D345-430D-BFDE-87D3B58B5A4A}
	EndGlobalSection
EndGlobal
